
Microsoft Visual Studio Solution File, Format Version 12.00
# Visual Studio Version 18
VisualStudioVersion = 18.6.11822.322 stable
MinimumVisualStudioVersion = 10.0.40219.1
Project("{9A19103F-16F7-4668-BE54-9A1E7A4F7556}") = "UserService", "UserService\UserService.csproj", "{E9BDE461-01A1-4077-8F23-2B223C310B52}"
EndProject
Project("{9A19103F-16F7-4668-BE54-9A1E7A4F7556}") = "TaskService", "TaskService\TaskService.csproj", "{2038B024-D0EE-4DA7-AFF1-E845E81F8DC4}"
EndProject
Project("{9A19103F-16F7-4668-BE54-9A1E7A4F7556}") = "NotificationService", "NotificationService\NotificationService.csproj", "{D0C36001-D7B5-47C6-BBDC-4478A435FDDD}"
EndProject
Project("{2150E333-8FDC-42A3-9474-1A3956D46DE8}") = "Solution Items", "Solution Items", "{30A5525C-515C-4DA3-9858-E74021B815E7}"
	ProjectSection(SolutionItems) = preProject
		docker-compose.override.yml = docker-compose.override.yml
		docker-compose.yml = docker-compose.yml
	EndProjectSection
EndProject
Project("{9A19103F-16F7-4668-BE54-9A1E7A4F7556}") = "ChatService", "ChatService\ChatService.csproj", "{19948331-206C-49D3-8FB7-0B5268488717}"
EndProject
Project("{9A19103F-16F7-4668-BE54-9A1E7A4F7556}") = "AuthenticationService", "AuthenticationService\AuthenticationService.csproj", "{DDD470CE-AB2F-4730-9D28-56B184295A56}"
EndProject
Project("{FAE04EC0-301F-11D3-BF4B-00C04F79EFBC}") = "Common.Auth", "Common.Auth\Common.Auth.csproj", "{98114B48-5C02-493E-8833-F0D1CDB11123}"
EndProject
Project("{FAE04EC0-301F-11D3-BF4B-00C04F79EFBC}") = "Common.Auth.Tests", "tests\Common.Auth.Tests\Common.Auth.Tests.csproj", "{74C8A5C0-52CC-4F1B-9D2D-8A7DB6BEE101}"
EndProject
Project("{FAE04EC0-301F-11D3-BF4B-00C04F79EFBC}") = "AuthenticationService.Tests", "tests\AuthenticationService.Tests\AuthenticationService.Tests.csproj", "{0A0B40CE-364E-4E8D-B3AB-A8AA8FF0E102}"
EndProject
Project("{FAE04EC0-301F-11D3-BF4B-00C04F79EFBC}") = "UserService.IntegrationTests", "tests\UserService.IntegrationTests\UserService.IntegrationTests.csproj", "{B9D5A647-9706-4B47-83B3-8C686AEAE103}"
EndProject
Project("{FAE04EC0-301F-11D3-BF4B-00C04F79EFBC}") = "TaskService.IntegrationTests", "tests\TaskService.IntegrationTests\TaskService.IntegrationTests.csproj", "{5F4D84E5-91CB-4C50-9D30-689529E6E104}"
EndProject
Project("{FAE04EC0-301F-11D3-BF4B-00C04F79EFBC}") = "NotificationService.IntegrationTests", "tests\NotificationService.IntegrationTests\NotificationService.IntegrationTests.csproj", "{A3F7B7EE-7F1B-43FA-9F69-AED892D0E105}"
EndProject
Project("{FAE04EC0-301F-11D3-BF4B-00C04F79EFBC}") = "ChatService.IntegrationTests", "tests\ChatService.IntegrationTests\ChatService.IntegrationTests.csproj", "{7135280C-CE1E-4F79-9061-B3B03BE8E106}"
EndProject
Global
	GlobalSection(SolutionConfigurationPlatforms) = preSolution
		Debug|Any CPU = Debug|Any CPU
		Release|Any CPU = Release|Any CPU
	EndGlobalSection
	GlobalSection(ProjectConfigurationPlatforms) = postSolution
		{E9BDE461-01A1-4077-8F23-2B223C310B52}.Debug|Any CPU.ActiveCfg = Debug|Any CPU
		{E9BDE461-01A1-4077-8F23-2B223C310B52}.Debug|Any CPU.Build.0 = Debug|Any CPU
		{E9BDE461-01A1-4077-8F23-2B223C310B52}.Release|Any CPU.ActiveCfg = Release|Any CPU
		{E9BDE461-01A1-4077-8F23-2B223C310B52}.Release|Any CPU.Build.0 = Release|Any CPU
		{2038B024-D0EE-4DA7-AFF1-E845E81F8DC4}.Debug|Any CPU.ActiveCfg = Debug|Any CPU
		{2038B024-D0EE-4DA7-AFF1-E845E81F8DC4}.Debug|Any CPU.Build.0 = Debug|Any CPU
		{2038B024-D0EE-4DA7-AFF1-E845E81F8DC4}.Release|Any CPU.ActiveCfg = Release|Any CPU
		{2038B024-D0EE-4DA7-AFF1-E845E81F8DC4}.Release|Any CPU.Build.0 = Release|Any CPU
		{D0C36001-D7B5-47C6-BBDC-4478A435FDDD}.Debug|Any CPU.ActiveCfg = Debug|Any CPU
		{D0C36001-D7B5-47C6-BBDC-4478A435FDDD}.Debug|Any CPU.Build.0 = Debug|Any CPU
		{D0C36001-D7B5-47C6-BBDC-4478A435FDDD}.Release|Any CPU.ActiveCfg = Release|Any CPU
		{D0C36001-D7B5-47C6-BBDC-4478A435FDDD}.Release|Any CPU.Build.0 = Release|Any CPU
		{19948331-206C-49D3-8FB7-0B5268488717}.Debug|Any CPU.ActiveCfg = Debug|Any CPU
		{19948331-206C-49D3-8FB7-0B5268488717}.Debug|Any CPU.Build.0 = Debug|Any CPU
		{19948331-206C-49D3-8FB7-0B5268488717}.Release|Any CPU.ActiveCfg = Release|Any CPU
		{19948331-206C-49D3-8FB7-0B5268488717}.Release|Any CPU.Build.0 = Release|Any CPU
		{DDD470CE-AB2F-4730-9D28-56B184295A56}.Debug|Any CPU.ActiveCfg = Debug|Any CPU
		{DDD470CE-AB2F-4730-9D28-56B184295A56}.Debug|Any CPU.Build.0 = Debug|Any CPU
		{DDD470CE-AB2F-4730-9D28-56B184295A56}.Release|Any CPU.ActiveCfg = Release|Any CPU
		{DDD470CE-AB2F-4730-9D28-56B184295A56}.Release|Any CPU.Build.0 = Release|Any CPU
		{98114B48-5C02-493E-8833-F0D1CDB11123}.Debug|Any CPU.ActiveCfg = Debug|Any CPU
		{98114B48-5C02-493E-8833-F0D1CDB11123}.Debug|Any CPU.Build.0 = Debug|Any CPU
		{98114B48-5C02-493E-8833-F0D1CDB11123}.Release|Any CPU.ActiveCfg = Release|Any CPU
		{98114B48-5C02-493E-8833-F0D1CDB11123}.Release|Any CPU.Build.0 = Release|Any CPU
		{74C8A5C0-52CC-4F1B-9D2D-8A7DB6BEE101}.Debug|Any CPU.ActiveCfg = Debug|Any CPU
		{74C8A5C0-52CC-4F1B-9D2D-8A7DB6BEE101}.Debug|Any CPU.Build.0 = Debug|Any CPU
		{74C8A5C0-52CC-4F1B-9D2D-8A7DB6BEE101}.Release|Any CPU.ActiveCfg = Release|Any CPU
		{74C8A5C0-52CC-4F1B-9D2D-8A7DB6BEE101}.Release|Any CPU.Build.0 = Release|Any CPU
		{0A0B40CE-364E-4E8D-B3AB-A8AA8FF0E102}.Debug|Any CPU.ActiveCfg = Debug|Any CPU
		{0A0B40CE-364E-4E8D-B3AB-A8AA8FF0E102}.Debug|Any CPU.Build.0 = Debug|Any CPU
		{0A0B40CE-364E-4E8D-B3AB-A8AA8FF0E102}.Release|Any CPU.ActiveCfg = Release|Any CPU
		{0A0B40CE-364E-4E8D-B3AB-A8AA8FF0E102}.Release|Any CPU.Build.0 = Release|Any CPU
		{B9D5A647-9706-4B47-83B3-8C686AEAE103}.Debug|Any CPU.ActiveCfg = Debug|Any CPU
		{B9D5A647-9706-4B47-83B3-8C686AEAE103}.Debug|Any CPU.Build.0 = Debug|Any CPU
		{B9D5A647-9706-4B47-83B3-8C686AEAE103}.Release|Any CPU.ActiveCfg = Release|Any CPU
		{B9D5A647-9706-4B47-83B3-8C686AEAE103}.Release|Any CPU.Build.0 = Release|Any CPU
		{5F4D84E5-91CB-4C50-9D30-689529E6E104}.Debug|Any CPU.ActiveCfg = Debug|Any CPU
		{5F4D84E5-91CB-4C50-9D30-689529E6E104}.Debug|Any CPU.Build.0 = Debug|Any CPU
		{5F4D84E5-91CB-4C50-9D30-689529E6E104}.Release|Any CPU.ActiveCfg = Release|Any CPU
		{5F4D84E5-91CB-4C50-9D30-689529E6E104}.Release|Any CPU.Build.0 = Release|Any CPU
		{A3F7B7EE-7F1B-43FA-9F69-AED892D0E105}.Debug|Any CPU.ActiveCfg = Debug|Any CPU
		{A3F7B7EE-7F1B-43FA-9F69-AED892D0E105}.Debug|Any CPU.Build.0 = Debug|Any CPU
		{A3F7B7EE-7F1B-43FA-9F69-AED892D0E105}.Release|Any CPU.ActiveCfg = Release|Any CPU
		{A3F7B7EE-7F1B-43FA-9F69-AED892D0E105}.Release|Any CPU.Build.0 = Release|Any CPU
		{7135280C-CE1E-4F79-9061-B3B03BE8E106}.Debug|Any CPU.ActiveCfg = Debug|Any CPU
		{7135280C-CE1E-4F79-9061-B3B03BE8E106}.Debug|Any CPU.Build.0 = Debug|Any CPU
		{7135280C-CE1E-4F79-9061-B3B03BE8E106}.Release|Any CPU.ActiveCfg = Release|Any CPU
		{7135280C-CE1E-4F79-9061-B3B03BE8E106}.Release|Any CPU.Build.0 = Release|Any CPU
	EndGlobalSection
	GlobalSection(SolutionProperties) = preSolution
		HideSolutionNode = FALSE
	EndGlobalSection
	GlobalSection(NestedProjects) = preSolution
		{98114B48-5C02-493E-8833-F0D1CDB11123} = {30A5525C-515C-4DA3-9858-E74021B815E7}
	EndGlobalSection
	GlobalSection(ExtensibilityGlobals) = postSolution
		SolutionGuid = {31095110-91D8-44AF-8D44-A88ECD31F1A7}
	EndGlobalSection
EndGlobal
